
Microsoft Visual Studio Solution File, Format Version 12.00
# Visual Studio Version 17
VisualStudioVersion = 17.11.35312.102
MinimumVisualStudioVersion = 10.0.40219.1
Project("{FAE04EC0-301F-11D3-BF4B-00C04F79EFBC}") = "Set-1-14", "Set-1-14\Set-1-14.csproj", "{140D50F9-7FC3-459F-A991-53141CF2FADE}"
EndProject
Global
	GlobalSection(SolutionConfigurationPlatforms) = preSolution
		Debug|Any CPU = Debug|Any CPU
		Release|Any CPU = Release|Any CPU
	EndGlobalSection
	GlobalSection(ProjectConfigurationPlatforms) = postSolution
		{140D50F9-7FC3-459F-A991-53141CF2FADE}.Debug|Any CPU.ActiveCfg = Debug|Any CPU
		{140D50F9-7FC3-459F-A991-53141CF2FADE}.Debug|Any CPU.Build.0 = Debug|Any CPU
		{140D50F9-7FC3-459F-A991-53141CF2FADE}.Release|Any CPU.ActiveCfg = Release|Any CPU
		{140D50F9-7FC3-459F-A991-53141CF2FADE}.Release|Any CPU.Build.0 = Release|Any CPU
	EndGlobalSection
	GlobalSection(SolutionProperties) = preSolution
		HideSolutionNode = FALSE
	EndGlobalSection
	GlobalSection(ExtensibilityGlobals) = postSolution
		SolutionGuid = {06A816ED-DFF9-4B4A-B753-76B68A1C5B14}
	EndGlobalSection
EndGlobal
