
Microsoft Visual Studio Solution File, Format Version 12.00
# Visual Studio Version 17
VisualStudioVersion = 17.11.35312.102
MinimumVisualStudioVersion = 10.0.40219.1
Project("{FAE04EC0-301F-11D3-BF4B-00C04F79EFBC}") = "Set-1-16", "Set-1-16\Set-1-16.csproj", "{062FF5F3-2099-47E8-8949-A973775C3F16}"
EndProject
Global
	GlobalSection(SolutionConfigurationPlatforms) = preSolution
		Debug|Any CPU = Debug|Any CPU
		Release|Any CPU = Release|Any CPU
	EndGlobalSection
	GlobalSection(ProjectConfigurationPlatforms) = postSolution
		{062FF5F3-2099-47E8-8949-A973775C3F16}.Debug|Any CPU.ActiveCfg = Debug|Any CPU
		{062FF5F3-2099-47E8-8949-A973775C3F16}.Debug|Any CPU.Build.0 = Debug|Any CPU
		{062FF5F3-2099-47E8-8949-A973775C3F16}.Release|Any CPU.ActiveCfg = Release|Any CPU
		{062FF5F3-2099-47E8-8949-A973775C3F16}.Release|Any CPU.Build.0 = Release|Any CPU
	EndGlobalSection
	GlobalSection(SolutionProperties) = preSolution
		HideSolutionNode = FALSE
	EndGlobalSection
	GlobalSection(ExtensibilityGlobals) = postSolution
		SolutionGuid = {B55E175C-1104-4A07-8AAC-F44D1F40666E}
	EndGlobalSection
EndGlobal
