
Microsoft Visual Studio Solution File, Format Version 12.00
# Visual Studio Version 17
VisualStudioVersion = 17.11.35312.102
MinimumVisualStudioVersion = 10.0.40219.1
Project("{FAE04EC0-301F-11D3-BF4B-00C04F79EFBC}") = "Set1-19", "Set1-19\Set1-19.csproj", "{A6D4A717-8D4B-45FC-9744-13D15EC7B0E7}"
EndProject
Global
	GlobalSection(SolutionConfigurationPlatforms) = preSolution
		Debug|Any CPU = Debug|Any CPU
		Release|Any CPU = Release|Any CPU
	EndGlobalSection
	GlobalSection(ProjectConfigurationPlatforms) = postSolution
		{A6D4A717-8D4B-45FC-9744-13D15EC7B0E7}.Debug|Any CPU.ActiveCfg = Debug|Any CPU
		{A6D4A717-8D4B-45FC-9744-13D15EC7B0E7}.Debug|Any CPU.Build.0 = Debug|Any CPU
		{A6D4A717-8D4B-45FC-9744-13D15EC7B0E7}.Release|Any CPU.ActiveCfg = Release|Any CPU
		{A6D4A717-8D4B-45FC-9744-13D15EC7B0E7}.Release|Any CPU.Build.0 = Release|Any CPU
	EndGlobalSection
	GlobalSection(SolutionProperties) = preSolution
		HideSolutionNode = FALSE
	EndGlobalSection
	GlobalSection(ExtensibilityGlobals) = postSolution
		SolutionGuid = {74E0F509-DF4E-4F6E-979A-88828E63F99B}
	EndGlobalSection
EndGlobal
